// !$*UTF8*$!
{
	archiveVersion = 1;
	classes = {
	};
	objectVersion = 46;
	objects = {

/* Begin PBXBuildFile section */
		B345C07C1A3638210086BFFB /* AppDelegate.swift in Sources */ = {isa = PBXBuildFile; fileRef = B345C07B1A3638210086BFFB /* AppDelegate.swift */; };
		B345C07E1A3638210086BFFB /* ViewController.swift in Sources */ = {isa = PBXBuildFile; fileRef = B345C07D1A3638210086BFFB /* ViewController.swift */; };
		B345C0811A3638210086BFFB /* Main.storyboard in Resources */ = {isa = PBXBuildFile; fileRef = B345C07F1A3638210086BFFB /* Main.storyboard */; };
		B345C0831A3638210086BFFB /* Images.xcassets in Resources */ = {isa = PBXBuildFile; fileRef = B345C0821A3638210086BFFB /* Images.xcassets */; };
		B345C0861A3638210086BFFB /* LaunchScreen.xib in Resources */ = {isa = PBXBuildFile; fileRef = B345C0841A3638210086BFFB /* LaunchScreen.xib */; };
		B345C0921A3638210086BFFB /* StormyTests.swift in Sources */ = {isa = PBXBuildFile; fileRef = B345C0911A3638210086BFFB /* StormyTests.swift */; };
		B345C09C1A364EFE0086BFFB /* Current.swift in Sources */ = {isa = PBXBuildFile; fileRef = B345C09B1A364EFE0086BFFB /* Current.swift */; };
		B3A8F33D1A37A9BA008A14A7 /* CoreLocation.framework in Frameworks */ = {isa = PBXBuildFile; fileRef = B3A8F33C1A37A9BA008A14A7 /* CoreLocation.framework */; };
/* End PBXBuildFile section */

/* Begin PBXContainerItemProxy section */
		B345C08C1A3638210086BFFB /* PBXContainerItemProxy */ = {
			isa = PBXContainerItemProxy;
			containerPortal = B345C06E1A3638210086BFFB /* Project object */;
			proxyType = 1;
			remoteGlobalIDString = B345C0751A3638210086BFFB;
			remoteInfo = Stormy;
		};
/* End PBXContainerItemProxy section */

/* Begin PBXFileReference section */
		B345C0761A3638210086BFFB /* Stormy.app */ = {isa = PBXFileReference; explicitFileType = wrapper.application; includeInIndex = 0; path = Stormy.app; sourceTree = BUILT_PRODUCTS_DIR; };
		B345C07A1A3638210086BFFB /* Info.plist */ = {isa = PBXFileReference; lastKnownFileType = text.plist.xml; path = Info.plist; sourceTree = "<group>"; };
		B345C07B1A3638210086BFFB /* AppDelegate.swift */ = {isa = PBXFileReference; lastKnownFileType = sourcecode.swift; path = AppDelegate.swift; sourceTree = "<group>"; };
		B345C07D1A3638210086BFFB /* ViewController.swift */ = {isa = PBXFileReference; lastKnownFileType = sourcecode.swift; path = ViewController.swift; sourceTree = "<group>"; };
		B345C0801A3638210086BFFB /* Base */ = {isa = PBXFileReference; lastKnownFileType = file.storyboard; name = Base; path = Base.lproj/Main.storyboard; sourceTree = "<group>"; };
		B345C0821A3638210086BFFB /* Images.xcassets */ = {isa = PBXFileReference; lastKnownFileType = folder.assetcatalog; path = Images.xcassets; sourceTree = "<group>"; };
		B345C0851A3638210086BFFB /* Base */ = {isa = PBXFileReference; lastKnownFileType = file.xib; name = Base; path = Base.lproj/LaunchScreen.xib; sourceTree = "<group>"; };
		B345C08B1A3638210086BFFB /* StormyTests.xctest */ = {isa = PBXFileReference; explicitFileType = wrapper.cfbundle; includeInIndex = 0; path = StormyTests.xctest; sourceTree = BUILT_PRODUCTS_DIR; };
		B345C0901A3638210086BFFB /* Info.plist */ = {isa = PBXFileReference; lastKnownFileType = text.plist.xml; path = Info.plist; sourceTree = "<group>"; };
		B345C0911A3638210086BFFB /* StormyTests.swift */ = {isa = PBXFileReference; lastKnownFileType = sourcecode.swift; path = StormyTests.swift; sourceTree = "<group>"; };
		B345C09B1A364EFE0086BFFB /* Current.swift */ = {isa = PBXFileReference; fileEncoding = 4; lastKnownFileType = sourcecode.swift; path = Current.swift; sourceTree = "<group>"; };
		B3A8F33C1A37A9BA008A14A7 /* CoreLocation.framework */ = {isa = PBXFileReference; lastKnownFileType = wrapper.framework; name = CoreLocation.framework; path = System/Library/Frameworks/CoreLocation.framework; sourceTree = SDKROOT; };
/* End PBXFileReference section */

/* Begin PBXFrameworksBuildPhase section */
		B345C0731A3638210086BFFB /* Frameworks */ = {
			isa = PBXFrameworksBuildPhase;
			buildActionMask = 2147483647;
			files = (
				B3A8F33D1A37A9BA008A14A7 /* CoreLocation.framework in Frameworks */,
			);
			runOnlyForDeploymentPostprocessing = 0;
		};
		B345C0881A3638210086BFFB /* Frameworks */ = {
			isa = PBXFrameworksBuildPhase;
			buildActionMask = 2147483647;
			files = (
			);
			runOnlyForDeploymentPostprocessing = 0;
		};
/* End PBXFrameworksBuildPhase section */

/* Begin PBXGroup section */
		B345C06D1A3638210086BFFB = {
			isa = PBXGroup;
			children = (
				B3A8F33C1A37A9BA008A14A7 /* CoreLocation.framework */,
				B345C0781A3638210086BFFB /* Stormy */,
				B345C08E1A3638210086BFFB /* StormyTests */,
				B345C0771A3638210086BFFB /* Products */,
			);
			sourceTree = "<group>";
		};
		B345C0771A3638210086BFFB /* Products */ = {
			isa = PBXGroup;
			children = (
				B345C0761A3638210086BFFB /* Stormy.app */,
				B345C08B1A3638210086BFFB /* StormyTests.xctest */,
			);
			name = Products;
			sourceTree = "<group>";
		};
		B345C0781A3638210086BFFB /* Stormy */ = {
			isa = PBXGroup;
			children = (
				B345C07B1A3638210086BFFB /* AppDelegate.swift */,
				B345C07D1A3638210086BFFB /* ViewController.swift */,
				B345C07F1A3638210086BFFB /* Main.storyboard */,
				B345C09B1A364EFE0086BFFB /* Current.swift */,
				B345C0821A3638210086BFFB /* Images.xcassets */,
				B345C0841A3638210086BFFB /* LaunchScreen.xib */,
				B345C0791A3638210086BFFB /* Supporting Files */,
			);
			path = Stormy;
			sourceTree = "<group>";
		};
		B345C0791A3638210086BFFB /* Supporting Files */ = {
			isa = PBXGroup;
			children = (
				B345C07A1A3638210086BFFB /* Info.plist */,
			);
			name = "Supporting Files";
			sourceTree = "<group>";
		};
		B345C08E1A3638210086BFFB /* StormyTests */ = {
			isa = PBXGroup;
			children = (
				B345C0911A3638210086BFFB /* StormyTests.swift */,
				B345C08F1A3638210086BFFB /* Supporting Files */,
			);
			path = StormyTests;
			sourceTree = "<group>";
		};
		B345C08F1A3638210086BFFB /* Supporting Files */ = {
			isa = PBXGroup;
			children = (
				B345C0901A3638210086BFFB /* Info.plist */,
			);
			name = "Supporting Files";
			sourceTree = "<group>";
		};
/* End PBXGroup section */

/* Begin PBXNativeTarget section */
		B345C0751A3638210086BFFB /* Stormy */ = {
			isa = PBXNativeTarget;
			buildConfigurationList = B345C0951A3638210086BFFB /* Build configuration list for PBXNativeTarget "Stormy" */;
			buildPhases = (
				B345C0721A3638210086BFFB /* Sources */,
				B345C0731A3638210086BFFB /* Frameworks */,
				B345C0741A3638210086BFFB /* Resources */,
			);
			buildRules = (
			);
			dependencies = (
			);
			name = Stormy;
			productName = Stormy;
			productReference = B345C0761A3638210086BFFB /* Stormy.app */;
			productType = "com.apple.product-type.application";
		};
		B345C08A1A3638210086BFFB /* StormyTests */ = {
			isa = PBXNativeTarget;
			buildConfigurationList = B345C0981A3638210086BFFB /* Build configuration list for PBXNativeTarget "StormyTests" */;
			buildPhases = (
				B345C0871A3638210086BFFB /* Sources */,
				B345C0881A3638210086BFFB /* Frameworks */,
				B345C0891A3638210086BFFB /* Resources */,
			);
			buildRules = (
			);
			dependencies = (
				B345C08D1A3638210086BFFB /* PBXTargetDependency */,
			);
			name = StormyTests;
			productName = StormyTests;
			productReference = B345C08B1A3638210086BFFB /* StormyTests.xctest */;
			productType = "com.apple.product-type.bundle.unit-test";
		};
/* End PBXNativeTarget section */

/* Begin PBXProject section */
		B345C06E1A3638210086BFFB /* Project object */ = {
			isa = PBXProject;
			attributes = {
				LastUpgradeCheck = 0610;
				ORGANIZATIONNAME = "Aldin Fajic";
				TargetAttributes = {
					B345C0751A3638210086BFFB = {
						CreatedOnToolsVersion = 6.1;
					};
					B345C08A1A3638210086BFFB = {
						CreatedOnToolsVersion = 6.1;
						TestTargetID = B345C0751A3638210086BFFB;
					};
				};
			};
			buildConfigurationList = B345C0711A3638210086BFFB /* Build configuration list for PBXProject "Stormy" */;
			compatibilityVersion = "Xcode 3.2";
			developmentRegion = English;
			hasScannedForEncodings = 0;
			knownRegions = (
				en,
				Base,
			);
			mainGroup = B345C06D1A3638210086BFFB;
			productRefGroup = B345C0771A3638210086BFFB /* Products */;
			projectDirPath = "";
			projectRoot = "";
			targets = (
				B345C0751A3638210086BFFB /* Stormy */,
				B345C08A1A3638210086BFFB /* StormyTests */,
			);
		};
/* End PBXProject section */

/* Begin PBXResourcesBuildPhase section */
		B345C0741A3638210086BFFB /* Resources */ = {
			isa = PBXResourcesBuildPhase;
			buildActionMask = 2147483647;
			files = (
				B345C0811A3638210086BFFB /* Main.storyboard in Resources */,
				B345C0861A3638210086BFFB /* LaunchScreen.xib in Resources */,
				B345C0831A3638210086BFFB /* Images.xcassets in Resources */,
			);
			runOnlyForDeploymentPostprocessing = 0;
		};
		B345C0891A3638210086BFFB /* Resources */ = {
			isa = PBXResourcesBuildPhase;
			buildActionMask = 2147483647;
			files = (
			);
			runOnlyForDeploymentPostprocessing = 0;
		};
/* End PBXResourcesBuildPhase section */

/* Begin PBXSourcesBuildPhase section */
		B345C0721A3638210086BFFB /* Sources */ = {
			isa = PBXSourcesBuildPhase;
			buildActionMask = 2147483647;
			files = (
				B345C09C1A364EFE0086BFFB /* Current.swift in Sources */,
				B345C07E1A3638210086BFFB /* ViewController.swift in Sources */,
				B345C07C1A3638210086BFFB /* AppDelegate.swift in Sources */,
			);
			runOnlyForDeploymentPostprocessing = 0;
		};
		B345C0871A3638210086BFFB /* Sources */ = {
			isa = PBXSourcesBuildPhase;
			buildActionMask = 2147483647;
			files = (
				B345C0921A3638210086BFFB /* StormyTests.swift in Sources */,
			);
			runOnlyForDeploymentPostprocessing = 0;
		};
/* End PBXSourcesBuildPhase section */

/* Begin PBXTargetDependency section */
		B345C08D1A3638210086BFFB /* PBXTargetDependency */ = {
			isa = PBXTargetDependency;
			target = B345C0751A3638210086BFFB /* Stormy */;
			targetProxy = B345C08C1A3638210086BFFB /* PBXContainerItemProxy */;
		};
/* End PBXTargetDependency section */

/* Begin PBXVariantGroup section */
		B345C07F1A3638210086BFFB /* Main.storyboard */ = {
			isa = PBXVariantGroup;
			children = (
				B345C0801A3638210086BFFB /* Base */,
			);
			name = Main.storyboard;
			sourceTree = "<group>";
		};
		B345C0841A3638210086BFFB /* LaunchScreen.xib */ = {
			isa = PBXVariantGroup;
			children = (
				B345C0851A3638210086BFFB /* Base */,
			);
			name = LaunchScreen.xib;
			sourceTree = "<group>";
		};
/* End PBXVariantGroup section */

/* Begin XCBuildConfiguration section */
		B345C0931A3638210086BFFB /* Debug */ = {
			isa = XCBuildConfiguration;
			buildSettings = {
				ALWAYS_SEARCH_USER_PATHS = NO;
				CLANG_CXX_LANGUAGE_STANDARD = "gnu++0x";
				CLANG_CXX_LIBRARY = "libc++";
				CLANG_ENABLE_MODULES = YES;
				CLANG_ENABLE_OBJC_ARC = YES;
				CLANG_WARN_BOOL_CONVERSION = YES;
				CLANG_WARN_CONSTANT_CONVERSION = YES;
				CLANG_WARN_DIRECT_OBJC_ISA_USAGE = YES_ERROR;
				CLANG_WARN_EMPTY_BODY = YES;
				CLANG_WARN_ENUM_CONVERSION = YES;
				CLANG_WARN_INT_CONVERSION = YES;
				CLANG_WARN_OBJC_ROOT_CLASS = YES_ERROR;
				CLANG_WARN_UNREACHABLE_CODE = YES;
				CLANG_WARN__DUPLICATE_METHOD_MATCH = YES;
				"CODE_SIGN_IDENTITY[sdk=iphoneos*]" = "iPhone Developer";
				COPY_PHASE_STRIP = NO;
				ENABLE_STRICT_OBJC_MSGSEND = YES;
				GCC_C_LANGUAGE_STANDARD = gnu99;
				GCC_DYNAMIC_NO_PIC = NO;
				GCC_OPTIMIZATION_LEVEL = 0;
				GCC_PREPROCESSOR_DEFINITIONS = (
					"DEBUG=1",
					"$(inherited)",
				);
				GCC_SYMBOLS_PRIVATE_EXTERN = NO;
				GCC_WARN_64_TO_32_BIT_CONVERSION = YES;
				GCC_WARN_ABOUT_RETURN_TYPE = YES_ERROR;
				GCC_WARN_UNDECLARED_SELECTOR = YES;
				GCC_WARN_UNINITIALIZED_AUTOS = YES_AGGRESSIVE;
				GCC_WARN_UNUSED_FUNCTION = YES;
				GCC_WARN_UNUSED_VARIABLE = YES;
				IPHONEOS_DEPLOYMENT_TARGET = 8.1;
				MTL_ENABLE_DEBUG_INFO = YES;
				ONLY_ACTIVE_ARCH = YES;
				SDKROOT = iphoneos;
				SWIFT_OPTIMIZATION_LEVEL = "-Onone";
			};
			name = Debug;
		};
		B345C0941A3638210086BFFB /* Release */ = {
			isa = XCBuildConfiguration;
			buildSettings = {
				ALWAYS_SEARCH_USER_PATHS = NO;
				CLANG_CXX_LANGUAGE_STANDARD = "gnu++0x";
				CLANG_CXX_LIBRARY = "libc++";
				CLANG_ENABLE_MODULES = YES;
				CLANG_ENABLE_OBJC_ARC = YES;
				CLANG_WARN_BOOL_CONVERSION = YES;
				CLANG_WARN_CONSTANT_CONVERSION = YES;
				CLANG_WARN_DIRECT_OBJC_ISA_USAGE = YES_ERROR;
				CLANG_WARN_EMPTY_BODY = YES;
				CLANG_WARN_ENUM_CONVERSION = YES;
				CLANG_WARN_INT_CONVERSION = YES;
				CLANG_WARN_OBJC_ROOT_CLASS = YES_ERROR;
				CLANG_WARN_UNREACHABLE_CODE = YES;
				CLANG_WARN__DUPLICATE_METHOD_MATCH = YES;
				"CODE_SIGN_IDENTITY[sdk=iphoneos*]" = "iPhone Developer";
				COPY_PHASE_STRIP = YES;
				ENABLE_NS_ASSERTIONS = NO;
				ENABLE_STRICT_OBJC_MSGSEND = YES;
				GCC_C_LANGUAGE_STANDARD = gnu99;
				GCC_WARN_64_TO_32_BIT_CONVERSION = YES;
				GCC_WARN_ABOUT_RETURN_TYPE = YES_ERROR;
				GCC_WARN_UNDECLARED_SELECTOR = YES;
				GCC_WARN_UNINITIALIZED_AUTOS = YES_AGGRESSIVE;
				GCC_WARN_UNUSED_FUNCTION = YES;
				GCC_WARN_UNUSED_VARIABLE = YES;
				IPHONEOS_DEPLOYMENT_TARGET = 8.1;
				MTL_ENABLE_DEBUG_INFO = NO;
				SDKROOT = iphoneos;
				VALIDATE_PRODUCT = YES;
			};
			name = Release;
		};
		B345C0961A3638210086BFFB /* Debug */ = {
			isa = XCBuildConfiguration;
			buildSettings = {
				ASSETCATALOG_COMPILER_APPICON_NAME = AppIcon;
				INFOPLIST_FILE = Stormy/Info.plist;
				LD_RUNPATH_SEARCH_PATHS = "$(inherited) @executable_path/Frameworks";
				PRODUCT_NAME = "$(TARGET_NAME)";
			};
			name = Debug;
		};
		B345C0971A3638210086BFFB /* Release */ = {
			isa = XCBuildConfiguration;
			buildSettings = {
				ASSETCATALOG_COMPILER_APPICON_NAME = AppIcon;
				INFOPLIST_FILE = Stormy/Info.plist;
				LD_RUNPATH_SEARCH_PATHS = "$(inherited) @executable_path/Frameworks";
				PRODUCT_NAME = "$(TARGET_NAME)";
			};
			name = Release;
		};
		B345C0991A3638210086BFFB /* Debug */ = {
			isa = XCBuildConfiguration;
			buildSettings = {
				BUNDLE_LOADER = "$(TEST_HOST)";
				FRAMEWORK_SEARCH_PATHS = (
					"$(SDKROOT)/Developer/Library/Frameworks",
					"$(inherited)",
				);
				GCC_PREPROCESSOR_DEFINITIONS = (
					"DEBUG=1",
					"$(inherited)",
				);
				INFOPLIST_FILE = StormyTests/Info.plist;
				LD_RUNPATH_SEARCH_PATHS = "$(inherited) @executable_path/Frameworks @loader_path/Frameworks";
				PRODUCT_NAME = "$(TARGET_NAME)";
				TEST_HOST = "$(BUILT_PRODUCTS_DIR)/Stormy.app/Stormy";
			};
			name = Debug;
		};
		B345C09A1A3638210086BFFB /* Release */ = {
			isa = XCBuildConfiguration;
			buildSettings = {
				BUNDLE_LOADER = "$(TEST_HOST)";
				FRAMEWORK_SEARCH_PATHS = (
					"$(SDKROOT)/Developer/Library/Frameworks",
					"$(inherited)",
				);
				INFOPLIST_FILE = StormyTests/Info.plist;
				LD_RUNPATH_SEARCH_PATHS = "$(inherited) @executable_path/Frameworks @loader_path/Frameworks";
				PRODUCT_NAME = "$(TARGET_NAME)";
				TEST_HOST = "$(BUILT_PRODUCTS_DIR)/Stormy.app/Stormy";
			};
			name = Release;
		};
/* End XCBuildConfiguration section */

/* Begin XCConfigurationList section */
		B345C0711A3638210086BFFB /* Build configuration list for PBXProject "Stormy" */ = {
			isa = XCConfigurationList;
			buildConfigurations = (
				B345C0931A3638210086BFFB /* Debug */,
				B345C0941A3638210086BFFB /* Release */,
			);
			defaultConfigurationIsVisible = 0;
			defaultConfigurationName = Release;
		};
		B345C0951A3638210086BFFB /* Build configuration list for PBXNativeTarget "Stormy" */ = {
			isa = XCConfigurationList;
			buildConfigurations = (
				B345C0961A3638210086BFFB /* Debug */,
				B345C0971A3638210086BFFB /* Release */,
			);
			defaultConfigurationIsVisible = 0;
			defaultConfigurationName = Release;
		};
		B345C0981A3638210086BFFB /* Build configuration list for PBXNativeTarget "StormyTests" */ = {
			isa = XCConfigurationList;
			buildConfigurations = (
				B345C0991A3638210086BFFB /* Debug */,
				B345C09A1A3638210086BFFB /* Release */,
			);
			defaultConfigurationIsVisible = 0;
			defaultConfigurationName = Release;
		};
/* End XCConfigurationList section */
	};
	rootObject = B345C06E1A3638210086BFFB /* Project object */;
}
